
Microsoft Visual Studio Solution File, Format Version 12.00
# Visual Studio Version 17
VisualStudioVersion = 17.0.31903.59
MinimumVisualStudioVersion = 10.0.40219.1
Project("{2150E333-8FDC-42A3-9474-1A3956D46DE8}") = "src", "src", "{827E0CD3-B72D-47B6-A68D-7590B98EB39B}"
EndProject
Project("{FAE04EC0-301F-11D3-BF4B-00C04F79EFBC}") = "MovilidadUrbana.Web", "src\MovilidadUrbana.Web\MovilidadUrbana.Web.csproj", "{02AD3C19-8874-4B7D-BB7D-430392515E30}"
EndProject
Project("{2150E333-8FDC-42A3-9474-1A3956D46DE8}") = "tests", "tests", "{0AB3BF05-4346-4AA6-1389-037BE0695223}"
EndProject
Project("{FAE04EC0-301F-11D3-BF4B-00C04F79EFBC}") = "MovilidadUrbana.E2ETests", "tests\MovilidadUrbana.E2ETests\MovilidadUrbana.E2ETests.csproj", "{784AB174-C9CF-476B-BAD8-C45A17F206A8}"
EndProject
Project("{2150E333-8FDC-42A3-9474-1A3956D46DE8}") = "github-workflow", "github-workflow", "{86901D2A-0C35-4D66-9648-E4FB8E078325}"
	ProjectSection(SolutionItems) = preProject
		.github\workflows\ci.yml = .github\workflows\ci.yml
		.github\workflows\e2e.yml = .github\workflows\e2e.yml
		.github\workflows\verificacion-entorno.yml = .github\workflows\verificacion-entorno.yml
	EndProjectSection
EndProject
Project("{2150E333-8FDC-42A3-9474-1A3956D46DE8}") = "Guides", "Guides", "{E903B2C1-7088-49D1-9C0D-1BA347FE0A15}"
	ProjectSection(SolutionItems) = preProject
		Guides\Beginner-Guide.md = Guides\Beginner-Guide.md
	EndProjectSection
EndProject
Global
	GlobalSection(SolutionConfigurationPlatforms) = preSolution
		Debug|Any CPU = Debug|Any CPU
		Debug|x64 = Debug|x64
		Debug|x86 = Debug|x86
		Release|Any CPU = Release|Any CPU
		Release|x64 = Release|x64
		Release|x86 = Release|x86
	EndGlobalSection
	GlobalSection(ProjectConfigurationPlatforms) = postSolution
		{02AD3C19-8874-4B7D-BB7D-430392515E30}.Debug|Any CPU.ActiveCfg = Debug|Any CPU
		{02AD3C19-8874-4B7D-BB7D-430392515E30}.Debug|Any CPU.Build.0 = Debug|Any CPU
		{02AD3C19-8874-4B7D-BB7D-430392515E30}.Debug|x64.ActiveCfg = Debug|Any CPU
		{02AD3C19-8874-4B7D-BB7D-430392515E30}.Debug|x64.Build.0 = Debug|Any CPU
		{02AD3C19-8874-4B7D-BB7D-430392515E30}.Debug|x86.ActiveCfg = Debug|Any CPU
		{02AD3C19-8874-4B7D-BB7D-430392515E30}.Debug|x86.Build.0 = Debug|Any CPU
		{02AD3C19-8874-4B7D-BB7D-430392515E30}.Release|Any CPU.ActiveCfg = Release|Any CPU
		{02AD3C19-8874-4B7D-BB7D-430392515E30}.Release|Any CPU.Build.0 = Release|Any CPU
		{02AD3C19-8874-4B7D-BB7D-430392515E30}.Release|x64.ActiveCfg = Release|Any CPU
		{02AD3C19-8874-4B7D-BB7D-430392515E30}.Release|x64.Build.0 = Release|Any CPU
		{02AD3C19-8874-4B7D-BB7D-430392515E30}.Release|x86.ActiveCfg = Release|Any CPU
		{02AD3C19-8874-4B7D-BB7D-430392515E30}.Release|x86.Build.0 = Release|Any CPU
		{784AB174-C9CF-476B-BAD8-C45A17F206A8}.Debug|Any CPU.ActiveCfg = Debug|Any CPU
		{784AB174-C9CF-476B-BAD8-C45A17F206A8}.Debug|Any CPU.Build.0 = Debug|Any CPU
		{784AB174-C9CF-476B-BAD8-C45A17F206A8}.Debug|x64.ActiveCfg = Debug|Any CPU
		{784AB174-C9CF-476B-BAD8-C45A17F206A8}.Debug|x64.Build.0 = Debug|Any CPU
		{784AB174-C9CF-476B-BAD8-C45A17F206A8}.Debug|x86.ActiveCfg = Debug|Any CPU
		{784AB174-C9CF-476B-BAD8-C45A17F206A8}.Debug|x86.Build.0 = Debug|Any CPU
		{784AB174-C9CF-476B-BAD8-C45A17F206A8}.Release|Any CPU.ActiveCfg = Release|Any CPU
		{784AB174-C9CF-476B-BAD8-C45A17F206A8}.Release|Any CPU.Build.0 = Release|Any CPU
		{784AB174-C9CF-476B-BAD8-C45A17F206A8}.Release|x64.ActiveCfg = Release|Any CPU
		{784AB174-C9CF-476B-BAD8-C45A17F206A8}.Release|x64.Build.0 = Release|Any CPU
		{784AB174-C9CF-476B-BAD8-C45A17F206A8}.Release|x86.ActiveCfg = Release|Any CPU
		{784AB174-C9CF-476B-BAD8-C45A17F206A8}.Release|x86.Build.0 = Release|Any CPU
	EndGlobalSection
	GlobalSection(SolutionProperties) = preSolution
		HideSolutionNode = FALSE
	EndGlobalSection
	GlobalSection(NestedProjects) = preSolution
		{02AD3C19-8874-4B7D-BB7D-430392515E30} = {827E0CD3-B72D-47B6-A68D-7590B98EB39B}
		{784AB174-C9CF-476B-BAD8-C45A17F206A8} = {0AB3BF05-4346-4AA6-1389-037BE0695223}
	EndGlobalSection
EndGlobal
